// !$*UTF8*$!
{
	archiveVersion = 1;
	classes = {
	};
	objectVersion = 46;
	objects = {

/* Begin PBXBuildFile section */
		A56028EB1BE30A09006678B2 /* main.m in Sources */ = {isa = PBXBuildFile; fileRef = A56028EA1BE30A09006678B2 /* main.m */; };
		A56028EE1BE30A09006678B2 /* AppDelegate.m in Sources */ = {isa = PBXBuildFile; fileRef = A56028ED1BE30A09006678B2 /* AppDelegate.m */; };
		A56028F41BE30A09006678B2 /* Main.storyboard in Resources */ = {isa = PBXBuildFile; fileRef = A56028F21BE30A09006678B2 /* Main.storyboard */; };
		A56028F61BE30A09006678B2 /* Images.xcassets in Resources */ = {isa = PBXBuildFile; fileRef = A56028F51BE30A09006678B2 /* Images.xcassets */; };
		A56028F91BE30A09006678B2 /* LaunchScreen.xib in Resources */ = {isa = PBXBuildFile; fileRef = A56028F71BE30A09006678B2 /* LaunchScreen.xib */; };
		A56029051BE30A09006678B2 /* HallOfFramesTests.m in Sources */ = {isa = PBXBuildFile; fileRef = A56029041BE30A09006678B2 /* HallOfFramesTests.m */; };
		A56029101BE30A49006678B2 /* RootViewController.m in Sources */ = {isa = PBXBuildFile; fileRef = A560290F1BE30A49006678B2 /* RootViewController.m */; };
		A56029161BE30BA3006678B2 /* Orc5.jpg in Resources */ = {isa = PBXBuildFile; fileRef = A56029111BE30BA3006678B2 /* Orc5.jpg */; };
		A56029171BE30BA3006678B2 /* Orc4.jpg in Resources */ = {isa = PBXBuildFile; fileRef = A56029121BE30BA3006678B2 /* Orc4.jpg */; };
		A56029181BE30BA3006678B2 /* Orc3.jpg in Resources */ = {isa = PBXBuildFile; fileRef = A56029131BE30BA3006678B2 /* Orc3.jpg */; };
		A56029191BE30BA3006678B2 /* Orc2.jpg in Resources */ = {isa = PBXBuildFile; fileRef = A56029141BE30BA3006678B2 /* Orc2.jpg */; };
		A560291A1BE30BA3006678B2 /* Orc1.jpg in Resources */ = {isa = PBXBuildFile; fileRef = A56029151BE30BA3006678B2 /* Orc1.jpg */; };
		A560291D1BE30CA5006678B2 /* PictureCollectionViewController.m in Sources */ = {isa = PBXBuildFile; fileRef = A560291C1BE30CA5006678B2 /* PictureCollectionViewController.m */; };
		A56029201BE30CBE006678B2 /* Picture.m in Sources */ = {isa = PBXBuildFile; fileRef = A560291F1BE30CBE006678B2 /* Picture.m */; };
/* End PBXBuildFile section */

/* Begin PBXContainerItemProxy section */
		A56028FF1BE30A09006678B2 /* PBXContainerItemProxy */ = {
			isa = PBXContainerItemProxy;
			containerPortal = A56028DD1BE30A09006678B2 /* Project object */;
			proxyType = 1;
			remoteGlobalIDString = A56028E41BE30A09006678B2;
			remoteInfo = HallOfFrames;
		};
/* End PBXContainerItemProxy section */

/* Begin PBXFileReference section */
		A56028E51BE30A09006678B2 /* HallOfFrames.app */ = {isa = PBXFileReference; explicitFileType = wrapper.application; includeInIndex = 0; path = HallOfFrames.app; sourceTree = BUILT_PRODUCTS_DIR; };
		A56028E91BE30A09006678B2 /* Info.plist */ = {isa = PBXFileReference; lastKnownFileType = text.plist.xml; path = Info.plist; sourceTree = "<group>"; };
		A56028EA1BE30A09006678B2 /* main.m */ = {isa = PBXFileReference; lastKnownFileType = sourcecode.c.objc; path = main.m; sourceTree = "<group>"; };
		A56028EC1BE30A09006678B2 /* AppDelegate.h */ = {isa = PBXFileReference; lastKnownFileType = sourcecode.c.h; path = AppDelegate.h; sourceTree = "<group>"; };
		A56028ED1BE30A09006678B2 /* AppDelegate.m */ = {isa = PBXFileReference; lastKnownFileType = sourcecode.c.objc; path = AppDelegate.m; sourceTree = "<group>"; };
		A56028F31BE30A09006678B2 /* Base */ = {isa = PBXFileReference; lastKnownFileType = file.storyboard; name = Base; path = Base.lproj/Main.storyboard; sourceTree = "<group>"; };
		A56028F51BE30A09006678B2 /* Images.xcassets */ = {isa = PBXFileReference; lastKnownFileType = folder.assetcatalog; path = Images.xcassets; sourceTree = "<group>"; };
		A56028F81BE30A09006678B2 /* Base */ = {isa = PBXFileReference; lastKnownFileType = file.xib; name = Base; path = Base.lproj/LaunchScreen.xib; sourceTree = "<group>"; };
		A56028FE1BE30A09006678B2 /* HallOfFramesTests.xctest */ = {isa = PBXFileReference; explicitFileType = wrapper.cfbundle; includeInIndex = 0; path = HallOfFramesTests.xctest; sourceTree = BUILT_PRODUCTS_DIR; };
		A56029031BE30A09006678B2 /* Info.plist */ = {isa = PBXFileReference; lastKnownFileType = text.plist.xml; path = Info.plist; sourceTree = "<group>"; };
		A56029041BE30A09006678B2 /* HallOfFramesTests.m */ = {isa = PBXFileReference; lastKnownFileType = sourcecode.c.objc; path = HallOfFramesTests.m; sourceTree = "<group>"; };
		A560290E1BE30A49006678B2 /* RootViewController.h */ = {isa = PBXFileReference; fileEncoding = 4; lastKnownFileType = sourcecode.c.h; path = RootViewController.h; sourceTree = "<group>"; };
		A560290F1BE30A49006678B2 /* RootViewController.m */ = {isa = PBXFileReference; fileEncoding = 4; lastKnownFileType = sourcecode.c.objc; path = RootViewController.m; sourceTree = "<group>"; };
		A56029111BE30BA3006678B2 /* Orc5.jpg */ = {isa = PBXFileReference; lastKnownFileType = image.jpeg; path = Orc5.jpg; sourceTree = "<group>"; };
		A56029121BE30BA3006678B2 /* Orc4.jpg */ = {isa = PBXFileReference; lastKnownFileType = image.jpeg; path = Orc4.jpg; sourceTree = "<group>"; };
		A56029131BE30BA3006678B2 /* Orc3.jpg */ = {isa = PBXFileReference; lastKnownFileType = image.jpeg; path = Orc3.jpg; sourceTree = "<group>"; };
		A56029141BE30BA3006678B2 /* Orc2.jpg */ = {isa = PBXFileReference; lastKnownFileType = image.jpeg; path = Orc2.jpg; sourceTree = "<group>"; };
		A56029151BE30BA3006678B2 /* Orc1.jpg */ = {isa = PBXFileReference; lastKnownFileType = image.jpeg; path = Orc1.jpg; sourceTree = "<group>"; };
		A560291B1BE30CA5006678B2 /* PictureCollectionViewController.h */ = {isa = PBXFileReference; fileEncoding = 4; lastKnownFileType = sourcecode.c.h; path = PictureCollectionViewController.h; sourceTree = "<group>"; };
		A560291C1BE30CA5006678B2 /* PictureCollectionViewController.m */ = {isa = PBXFileReference; fileEncoding = 4; lastKnownFileType = sourcecode.c.objc; path = PictureCollectionViewController.m; sourceTree = "<group>"; };
		A560291E1BE30CBE006678B2 /* Picture.h */ = {isa = PBXFileReference; fileEncoding = 4; lastKnownFileType = sourcecode.c.h; path = Picture.h; sourceTree = "<group>"; };
		A560291F1BE30CBE006678B2 /* Picture.m */ = {isa = PBXFileReference; fileEncoding = 4; lastKnownFileType = sourcecode.c.objc; path = Picture.m; sourceTree = "<group>"; };
/* End PBXFileReference section */

/* Begin PBXFrameworksBuildPhase section */
		A56028E21BE30A09006678B2 /* Frameworks */ = {
			isa = PBXFrameworksBuildPhase;
			buildActionMask = 2147483647;
			files = (
			);
			runOnlyForDeploymentPostprocessing = 0;
		};
		A56028FB1BE30A09006678B2 /* Frameworks */ = {
			isa = PBXFrameworksBuildPhase;
			buildActionMask = 2147483647;
			files = (
			);
			runOnlyForDeploymentPostprocessing = 0;
		};
/* End PBXFrameworksBuildPhase section */

/* Begin PBXGroup section */
		A56028DC1BE30A09006678B2 = {
			isa = PBXGroup;
			children = (
				A56028E71BE30A09006678B2 /* HallOfFrames */,
				A56029011BE30A09006678B2 /* HallOfFramesTests */,
				A56028E61BE30A09006678B2 /* Products */,
			);
			sourceTree = "<group>";
		};
		A56028E61BE30A09006678B2 /* Products */ = {
			isa = PBXGroup;
			children = (
				A56028E51BE30A09006678B2 /* HallOfFrames.app */,
				A56028FE1BE30A09006678B2 /* HallOfFramesTests.xctest */,
			);
			name = Products;
			sourceTree = "<group>";
		};
		A56028E71BE30A09006678B2 /* HallOfFrames */ = {
			isa = PBXGroup;
			children = (
				A56028EC1BE30A09006678B2 /* AppDelegate.h */,
				A56028ED1BE30A09006678B2 /* AppDelegate.m */,
				A56028F21BE30A09006678B2 /* Main.storyboard */,
				A560291E1BE30CBE006678B2 /* Picture.h */,
				A560291F1BE30CBE006678B2 /* Picture.m */,
				A560291B1BE30CA5006678B2 /* PictureCollectionViewController.h */,
				A560291C1BE30CA5006678B2 /* PictureCollectionViewController.m */,
				A560290E1BE30A49006678B2 /* RootViewController.h */,
				A560290F1BE30A49006678B2 /* RootViewController.m */,
				A56028F51BE30A09006678B2 /* Images.xcassets */,
				A56029111BE30BA3006678B2 /* Orc5.jpg */,
				A56029121BE30BA3006678B2 /* Orc4.jpg */,
				A56029131BE30BA3006678B2 /* Orc3.jpg */,
				A56029141BE30BA3006678B2 /* Orc2.jpg */,
				A56029151BE30BA3006678B2 /* Orc1.jpg */,
				A56028F71BE30A09006678B2 /* LaunchScreen.xib */,
				A56028E81BE30A09006678B2 /* Supporting Files */,
			);
			path = HallOfFrames;
			sourceTree = "<group>";
		};
		A56028E81BE30A09006678B2 /* Supporting Files */ = {
			isa = PBXGroup;
			children = (
				A56028E91BE30A09006678B2 /* Info.plist */,
				A56028EA1BE30A09006678B2 /* main.m */,
			);
			name = "Supporting Files";
			sourceTree = "<group>";
		};
		A56029011BE30A09006678B2 /* HallOfFramesTests */ = {
			isa = PBXGroup;
			children = (
				A56029041BE30A09006678B2 /* HallOfFramesTests.m */,
				A56029021BE30A09006678B2 /* Supporting Files */,
			);
			path = HallOfFramesTests;
			sourceTree = "<group>";
		};
		A56029021BE30A09006678B2 /* Supporting Files */ = {
			isa = PBXGroup;
			children = (
				A56029031BE30A09006678B2 /* Info.plist */,
			);
			name = "Supporting Files";
			sourceTree = "<group>";
		};
/* End PBXGroup section */

/* Begin PBXNativeTarget section */
		A56028E41BE30A09006678B2 /* HallOfFrames */ = {
			isa = PBXNativeTarget;
			buildConfigurationList = A56029081BE30A09006678B2 /* Build configuration list for PBXNativeTarget "HallOfFrames" */;
			buildPhases = (
				A56028E11BE30A09006678B2 /* Sources */,
				A56028E21BE30A09006678B2 /* Frameworks */,
				A56028E31BE30A09006678B2 /* Resources */,
			);
			buildRules = (
			);
			dependencies = (
			);
			name = HallOfFrames;
			productName = HallOfFrames;
			productReference = A56028E51BE30A09006678B2 /* HallOfFrames.app */;
			productType = "com.apple.product-type.application";
		};
		A56028FD1BE30A09006678B2 /* HallOfFramesTests */ = {
			isa = PBXNativeTarget;
			buildConfigurationList = A560290B1BE30A09006678B2 /* Build configuration list for PBXNativeTarget "HallOfFramesTests" */;
			buildPhases = (
				A56028FA1BE30A09006678B2 /* Sources */,
				A56028FB1BE30A09006678B2 /* Frameworks */,
				A56028FC1BE30A09006678B2 /* Resources */,
			);
			buildRules = (
			);
			dependencies = (
				A56029001BE30A09006678B2 /* PBXTargetDependency */,
			);
			name = HallOfFramesTests;
			productName = HallOfFramesTests;
			productReference = A56028FE1BE30A09006678B2 /* HallOfFramesTests.xctest */;
			productType = "com.apple.product-type.bundle.unit-test";
		};
/* End PBXNativeTarget section */

/* Begin PBXProject section */
		A56028DD1BE30A09006678B2 /* Project object */ = {
			isa = PBXProject;
			attributes = {
				LastUpgradeCheck = 0640;
				ORGANIZATIONNAME = "Michelle Vu";
				TargetAttributes = {
					A56028E41BE30A09006678B2 = {
						CreatedOnToolsVersion = 6.4;
					};
					A56028FD1BE30A09006678B2 = {
						CreatedOnToolsVersion = 6.4;
						TestTargetID = A56028E41BE30A09006678B2;
					};
				};
			};
			buildConfigurationList = A56028E01BE30A09006678B2 /* Build configuration list for PBXProject "HallOfFrames" */;
			compatibilityVersion = "Xcode 3.2";
			developmentRegion = English;
			hasScannedForEncodings = 0;
			knownRegions = (
				en,
				Base,
			);
			mainGroup = A56028DC1BE30A09006678B2;
			productRefGroup = A56028E61BE30A09006678B2 /* Products */;
			projectDirPath = "";
			projectRoot = "";
			targets = (
				A56028E41BE30A09006678B2 /* HallOfFrames */,
				A56028FD1BE30A09006678B2 /* HallOfFramesTests */,
			);
		};
/* End PBXProject section */

/* Begin PBXResourcesBuildPhase section */
		A56028E31BE30A09006678B2 /* Resources */ = {
			isa = PBXResourcesBuildPhase;
			buildActionMask = 2147483647;
			files = (
				A56029191BE30BA3006678B2 /* Orc2.jpg in Resources */,
				A56029161BE30BA3006678B2 /* Orc5.jpg in Resources */,
				A56028F41BE30A09006678B2 /* Main.storyboard in Resources */,
				A56029181BE30BA3006678B2 /* Orc3.jpg in Resources */,
				A560291A1BE30BA3006678B2 /* Orc1.jpg in Resources */,
				A56029171BE30BA3006678B2 /* Orc4.jpg in Resources */,
				A56028F91BE30A09006678B2 /* LaunchScreen.xib in Resources */,
				A56028F61BE30A09006678B2 /* Images.xcassets in Resources */,
			);
			runOnlyForDeploymentPostprocessing = 0;
		};
		A56028FC1BE30A09006678B2 /* Resources */ = {
			isa = PBXResourcesBuildPhase;
			buildActionMask = 2147483647;
			files = (
			);
			runOnlyForDeploymentPostprocessing = 0;
		};
/* End PBXResourcesBuildPhase section */

/* Begin PBXSourcesBuildPhase section */
		A56028E11BE30A09006678B2 /* Sources */ = {
			isa = PBXSourcesBuildPhase;
			buildActionMask = 2147483647;
			files = (
				A56028EE1BE30A09006678B2 /* AppDelegate.m in Sources */,
				A56029201BE30CBE006678B2 /* Picture.m in Sources */,
				A560291D1BE30CA5006678B2 /* PictureCollectionViewController.m in Sources */,
				A56028EB1BE30A09006678B2 /* main.m in Sources */,
				A56029101BE30A49006678B2 /* RootViewController.m in Sources */,
			);
			runOnlyForDeploymentPostprocessing = 0;
		};
		A56028FA1BE30A09006678B2 /* Sources */ = {
			isa = PBXSourcesBuildPhase;
			buildActionMask = 2147483647;
			files = (
				A56029051BE30A09006678B2 /* HallOfFramesTests.m in Sources */,
			);
			runOnlyForDeploymentPostprocessing = 0;
		};
/* End PBXSourcesBuildPhase section */

/* Begin PBXTargetDependency section */
		A56029001BE30A09006678B2 /* PBXTargetDependency */ = {
			isa = PBXTargetDependency;
			target = A56028E41BE30A09006678B2 /* HallOfFrames */;
			targetProxy = A56028FF1BE30A09006678B2 /* PBXContainerItemProxy */;
		};
/* End PBXTargetDependency section */

/* Begin PBXVariantGroup section */
		A56028F21BE30A09006678B2 /* Main.storyboard */ = {
			isa = PBXVariantGroup;
			children = (
				A56028F31BE30A09006678B2 /* Base */,
			);
			name = Main.storyboard;
			sourceTree = "<group>";
		};
		A56028F71BE30A09006678B2 /* LaunchScreen.xib */ = {
			isa = PBXVariantGroup;
			children = (
				A56028F81BE30A09006678B2 /* Base */,
			);
			name = LaunchScreen.xib;
			sourceTree = "<group>";
		};
/* End PBXVariantGroup section */

/* Begin XCBuildConfiguration section */
		A56029061BE30A09006678B2 /* Debug */ = {
			isa = XCBuildConfiguration;
			buildSettings = {
				ALWAYS_SEARCH_USER_PATHS = NO;
				CLANG_CXX_LANGUAGE_STANDARD = "gnu++0x";
				CLANG_CXX_LIBRARY = "libc++";
				CLANG_ENABLE_MODULES = YES;
				CLANG_ENABLE_OBJC_ARC = YES;
				CLANG_WARN_BOOL_CONVERSION = YES;
				CLANG_WARN_CONSTANT_CONVERSION = YES;
				CLANG_WARN_DIRECT_OBJC_ISA_USAGE = YES_ERROR;
				CLANG_WARN_EMPTY_BODY = YES;
				CLANG_WARN_ENUM_CONVERSION = YES;
				CLANG_WARN_INT_CONVERSION = YES;
				CLANG_WARN_OBJC_ROOT_CLASS = YES_ERROR;
				CLANG_WARN_UNREACHABLE_CODE = YES;
				CLANG_WARN__DUPLICATE_METHOD_MATCH = YES;
				"CODE_SIGN_IDENTITY[sdk=iphoneos*]" = "iPhone Developer";
				COPY_PHASE_STRIP = NO;
				DEBUG_INFORMATION_FORMAT = "dwarf-with-dsym";
				ENABLE_STRICT_OBJC_MSGSEND = YES;
				GCC_C_LANGUAGE_STANDARD = gnu99;
				GCC_DYNAMIC_NO_PIC = NO;
				GCC_NO_COMMON_BLOCKS = YES;
				GCC_OPTIMIZATION_LEVEL = 0;
				GCC_PREPROCESSOR_DEFINITIONS = (
					"DEBUG=1",
					"$(inherited)",
				);
				GCC_SYMBOLS_PRIVATE_EXTERN = NO;
				GCC_WARN_64_TO_32_BIT_CONVERSION = YES;
				GCC_WARN_ABOUT_RETURN_TYPE = YES_ERROR;
				GCC_WARN_UNDECLARED_SELECTOR = YES;
				GCC_WARN_UNINITIALIZED_AUTOS = YES_AGGRESSIVE;
				GCC_WARN_UNUSED_FUNCTION = YES;
				GCC_WARN_UNUSED_VARIABLE = YES;
				IPHONEOS_DEPLOYMENT_TARGET = 8.4;
				MTL_ENABLE_DEBUG_INFO = YES;
				ONLY_ACTIVE_ARCH = YES;
				SDKROOT = iphoneos;
			};
			name = Debug;
		};
		A56029071BE30A09006678B2 /* Release */ = {
			isa = XCBuildConfiguration;
			buildSettings = {
				ALWAYS_SEARCH_USER_PATHS = NO;
				CLANG_CXX_LANGUAGE_STANDARD = "gnu++0x";
				CLANG_CXX_LIBRARY = "libc++";
				CLANG_ENABLE_MODULES = YES;
				CLANG_ENABLE_OBJC_ARC = YES;
				CLANG_WARN_BOOL_CONVERSION = YES;
				CLANG_WARN_CONSTANT_CONVERSION = YES;
				CLANG_WARN_DIRECT_OBJC_ISA_USAGE = YES_ERROR;
				CLANG_WARN_EMPTY_BODY = YES;
				CLANG_WARN_ENUM_CONVERSION = YES;
				CLANG_WARN_INT_CONVERSION = YES;
				CLANG_WARN_OBJC_ROOT_CLASS = YES_ERROR;
				CLANG_WARN_UNREACHABLE_CODE = YES;
				CLANG_WARN__DUPLICATE_METHOD_MATCH = YES;
				"CODE_SIGN_IDENTITY[sdk=iphoneos*]" = "iPhone Developer";
				COPY_PHASE_STRIP = NO;
				DEBUG_INFORMATION_FORMAT = "dwarf-with-dsym";
				ENABLE_NS_ASSERTIONS = NO;
				ENABLE_STRICT_OBJC_MSGSEND = YES;
				GCC_C_LANGUAGE_STANDARD = gnu99;
				GCC_NO_COMMON_BLOCKS = YES;
				GCC_WARN_64_TO_32_BIT_CONVERSION = YES;
				GCC_WARN_ABOUT_RETURN_TYPE = YES_ERROR;
				GCC_WARN_UNDECLARED_SELECTOR = YES;
				GCC_WARN_UNINITIALIZED_AUTOS = YES_AGGRESSIVE;
				GCC_WARN_UNUSED_FUNCTION = YES;
				GCC_WARN_UNUSED_VARIABLE = YES;
				IPHONEOS_DEPLOYMENT_TARGET = 8.4;
				MTL_ENABLE_DEBUG_INFO = NO;
				SDKROOT = iphoneos;
				VALIDATE_PRODUCT = YES;
			};
			name = Release;
		};
		A56029091BE30A09006678B2 /* Debug */ = {
			isa = XCBuildConfiguration;
			buildSettings = {
				ASSETCATALOG_COMPILER_APPICON_NAME = AppIcon;
				INFOPLIST_FILE = HallOfFrames/Info.plist;
				LD_RUNPATH_SEARCH_PATHS = "$(inherited) @executable_path/Frameworks";
				PRODUCT_NAME = "$(TARGET_NAME)";
			};
			name = Debug;
		};
		A560290A1BE30A09006678B2 /* Release */ = {
			isa = XCBuildConfiguration;
			buildSettings = {
				ASSETCATALOG_COMPILER_APPICON_NAME = AppIcon;
				INFOPLIST_FILE = HallOfFrames/Info.plist;
				LD_RUNPATH_SEARCH_PATHS = "$(inherited) @executable_path/Frameworks";
				PRODUCT_NAME = "$(TARGET_NAME)";
			};
			name = Release;
		};
		A560290C1BE30A09006678B2 /* Debug */ = {
			isa = XCBuildConfiguration;
			buildSettings = {
				BUNDLE_LOADER = "$(TEST_HOST)";
				FRAMEWORK_SEARCH_PATHS = (
					"$(SDKROOT)/Developer/Library/Frameworks",
					"$(inherited)",
				);
				GCC_PREPROCESSOR_DEFINITIONS = (
					"DEBUG=1",
					"$(inherited)",
				);
				INFOPLIST_FILE = HallOfFramesTests/Info.plist;
				LD_RUNPATH_SEARCH_PATHS = "$(inherited) @executable_path/Frameworks @loader_path/Frameworks";
				PRODUCT_NAME = "$(TARGET_NAME)";
				TEST_HOST = "$(BUILT_PRODUCTS_DIR)/HallOfFrames.app/HallOfFrames";
			};
			name = Debug;
		};
		A560290D1BE30A09006678B2 /* Release */ = {
			isa = XCBuildConfiguration;
			buildSettings = {
				BUNDLE_LOADER = "$(TEST_HOST)";
				FRAMEWORK_SEARCH_PATHS = (
					"$(SDKROOT)/Developer/Library/Frameworks",
					"$(inherited)",
				);
				INFOPLIST_FILE = HallOfFramesTests/Info.plist;
				LD_RUNPATH_SEARCH_PATHS = "$(inherited) @executable_path/Frameworks @loader_path/Frameworks";
				PRODUCT_NAME = "$(TARGET_NAME)";
				TEST_HOST = "$(BUILT_PRODUCTS_DIR)/HallOfFrames.app/HallOfFrames";
			};
			name = Release;
		};
/* End XCBuildConfiguration section */

/* Begin XCConfigurationList section */
		A56028E01BE30A09006678B2 /* Build configuration list for PBXProject "HallOfFrames" */ = {
			isa = XCConfigurationList;
			buildConfigurations = (
				A56029061BE30A09006678B2 /* Debug */,
				A56029071BE30A09006678B2 /* Release */,
			);
			defaultConfigurationIsVisible = 0;
			defaultConfigurationName = Release;
		};
		A56029081BE30A09006678B2 /* Build configuration list for PBXNativeTarget "HallOfFrames" */ = {
			isa = XCConfigurationList;
			buildConfigurations = (
				A56029091BE30A09006678B2 /* Debug */,
				A560290A1BE30A09006678B2 /* Release */,
			);
			defaultConfigurationIsVisible = 0;
		};
		A560290B1BE30A09006678B2 /* Build configuration list for PBXNativeTarget "HallOfFramesTests" */ = {
			isa = XCConfigurationList;
			buildConfigurations = (
				A560290C1BE30A09006678B2 /* Debug */,
				A560290D1BE30A09006678B2 /* Release */,
			);
			defaultConfigurationIsVisible = 0;
		};
/* End XCConfigurationList section */
	};
	rootObject = A56028DD1BE30A09006678B2 /* Project object */;
}
